
Microsoft Visual Studio Solution File, Format Version 12.00
# Visual Studio Version 16
VisualStudioVersion = 16.0.30517.126
MinimumVisualStudioVersion = 10.0.40219.1
Project("{FAE04EC0-301F-11D3-BF4B-00C04F79EFBC}") = "PatientManagement", "PatientManagement.csproj", "{B8659CA3-2950-4CA6-829E-5B8A901102E8}"
EndProject
Global
	GlobalSection(SolutionConfigurationPlatforms) = preSolution
		Debug|Any CPU = Debug|Any CPU
		Release|Any CPU = Release|Any CPU
	EndGlobalSection
	GlobalSection(ProjectConfigurationPlatforms) = postSolution
		{B8659CA3-2950-4CA6-829E-5B8A901102E8}.Debug|Any CPU.ActiveCfg = Debug|Any CPU
		{B8659CA3-2950-4CA6-829E-5B8A901102E8}.Debug|Any CPU.Build.0 = Debug|Any CPU
		{B8659CA3-2950-4CA6-829E-5B8A901102E8}.Release|Any CPU.ActiveCfg = Release|Any CPU
		{B8659CA3-2950-4CA6-829E-5B8A901102E8}.Release|Any CPU.Build.0 = Release|Any CPU
	EndGlobalSection
	GlobalSection(SolutionProperties) = preSolution
		HideSolutionNode = FALSE
	EndGlobalSection
	GlobalSection(ExtensibilityGlobals) = postSolution
		SolutionGuid = {0B3DB10E-3D80-4F0B-A1B0-7A5310613EF7}
	EndGlobalSection
EndGlobal
